
Microsoft Visual Studio Solution File, Format Version 12.00
# Visual Studio Version 17
VisualStudioVersion = 17.13.35617.110 d17.13
MinimumVisualStudioVersion = 10.0.40219.1
Project("{FAE04EC0-301F-11D3-BF4B-00C04F79EFBC}") = "EntityCreator", "EntityCreator\EntityCreator.csproj", "{69E5BBED-483E-4E7B-962E-04923D44527A}"
EndProject
Global
	GlobalSection(SolutionConfigurationPlatforms) = preSolution
		Debug|Any CPU = Debug|Any CPU
		Release|Any CPU = Release|Any CPU
	EndGlobalSection
	GlobalSection(ProjectConfigurationPlatforms) = postSolution
		{69E5BBED-483E-4E7B-962E-04923D44527A}.Debug|Any CPU.ActiveCfg = Debug|Any CPU
		{69E5BBED-483E-4E7B-962E-04923D44527A}.Debug|Any CPU.Build.0 = Debug|Any CPU
		{69E5BBED-483E-4E7B-962E-04923D44527A}.Release|Any CPU.ActiveCfg = Release|Any CPU
		{69E5BBED-483E-4E7B-962E-04923D44527A}.Release|Any CPU.Build.0 = Release|Any CPU
	EndGlobalSection
	GlobalSection(SolutionProperties) = preSolution
		HideSolutionNode = FALSE
	EndGlobalSection
	GlobalSection(ExtensibilityGlobals) = postSolution
		SolutionGuid = {AEF3BCA2-F603-4641-A626-46678E757101}
	EndGlobalSection
EndGlobal
